{
  "name": "ggj24",
  "lockfileVersion": 3,
  "requires": true,
  "packages": {
    "": {
      "dependencies": {
        "@types/pathfinding": "^0.0.9",
        "pathfinding": "github:paulrobello/PathFinding.js"
      }
    },
    "node_modules/@types/pathfinding": {
      "version": "0.0.9",
      "resolved": "https://registry.npmjs.org/@types/pathfinding/-/pathfinding-0.0.9.tgz",
      "integrity": "sha512-b7tf4+gVc8+sRETzJ7pCeqhknQ9XVgYqbH5+ekcHmO5Hf/fy9BTBzSstE9mcOQc81Y0qITda8tF/UsN3huIMwg=="
    },
    "node_modules/heap": {
      "version": "0.2.5",
      "resolved": "https://registry.npmjs.org/heap/-/heap-0.2.5.tgz",
      "integrity": "sha512-G7HLD+WKcrOyJP5VQwYZNC3Z6FcQ7YYjEFiFoIj8PfEr73mu421o8B1N5DKUcc8K37EsJ2XXWA8DtrDz/2dReg=="
    },
    "node_modules/pathfinding": {
      "version": "0.4.17",
      "resolved": "git+ssh://git@github.com/paulrobello/PathFinding.js.git#3840d6e60b88a71c38ee5c356542b4a5883f3444",
      "dependencies": {
        "heap": "0.2.5"
      }
    }
  }
}
