{
  "name": "ggj24",
  "lockfileVersion": 3,
  "requires": true,
  "packages": {
    "": {
      "dependencies": {
        "@types/pathfinding": "^0.0.9",
        "pathfinding": "^0.4.18"
      }
    },
    "node_modules/@types/pathfinding": {
      "version": "0.0.9",
      "resolved": "https://registry.npmjs.org/@types/pathfinding/-/pathfinding-0.0.9.tgz",
      "integrity": "sha512-b7tf4+gVc8+sRETzJ7pCeqhknQ9XVgYqbH5+ekcHmO5Hf/fy9BTBzSstE9mcOQc81Y0qITda8tF/UsN3huIMwg=="
    },
    "node_modules/heap": {
      "version": "0.2.5",
      "resolved": "https://registry.npmjs.org/heap/-/heap-0.2.5.tgz",
      "integrity": "sha512-G7HLD+WKcrOyJP5VQwYZNC3Z6FcQ7YYjEFiFoIj8PfEr73mu421o8B1N5DKUcc8K37EsJ2XXWA8DtrDz/2dReg=="
    },
    "node_modules/pathfinding": {
      "version": "0.4.18",
      "resolved": "https://registry.npmjs.org/pathfinding/-/pathfinding-0.4.18.tgz",
      "integrity": "sha512-R0TGEQ9GRcFCDvAWlJAWC+KGJ9SLbW4c0nuZRcioVlXVTlw+F5RvXQ8SQgSqI9KXWC1ew95vgmIiyaWTlCe9Ag==",
      "dependencies": {
        "heap": "0.2.5"
      }
    }
  }
}
